
Microsoft Visual Studio Solution File, Format Version 12.00
# Visual Studio 14
VisualStudioVersion = 14.0.25420.1
MinimumVisualStudioVersion = 10.0.40219.1
Project("{FAE04EC0-301F-11D3-BF4B-00C04F79EFBC}") = "WCT_TEST_01", "WCT_TEST_01\WCT_TEST_01.csproj", "{68A01A67-2449-4ECB-B1B1-66F041E94523}"
EndProject
Project("{FAE04EC0-301F-11D3-BF4B-00C04F79EFBC}") = "CONSOLE_SERVICE", "CONSOLE_SERVICE\CONSOLE_SERVICE.csproj", "{53FE0280-7607-4E55-8446-40F21B605CF5}"
EndProject
Project("{2150E333-8FDC-42A3-9474-1A3956D46DE8}") = "UW8_CLIENT_01", "UW8_CLIENT_01", "{9C638BD1-A7FB-41AF-B328-229A7C61F1BD}"
EndProject
Project("{D954291E-2A0B-460D-934E-DC6B0785DB48}") = "UW8_CLIENT_01.Shared", "UW8_CLIENT_01\UW8_CLIENT_01.Shared\UW8_CLIENT_01.Shared.shproj", "{75C77402-888E-4954-9412-5EBD20155BD6}"
EndProject
Project("{FAE04EC0-301F-11D3-BF4B-00C04F79EFBC}") = "UW8_CLIENT_01.Windows", "UW8_CLIENT_01\UW8_CLIENT_01.Windows\UW8_CLIENT_01.Windows.csproj", "{68F07BA2-7301-4E16-B54C-42C92371C5B4}"
	ProjectSection(ProjectDependencies) = postProject
		{68A01A67-2449-4ECB-B1B1-66F041E94523} = {68A01A67-2449-4ECB-B1B1-66F041E94523}
	EndProjectSection
EndProject
Project("{FAE04EC0-301F-11D3-BF4B-00C04F79EFBC}") = "UW8_CLIENT_01.WindowsPhone", "UW8_CLIENT_01\UW8_CLIENT_01.WindowsPhone\UW8_CLIENT_01.WindowsPhone.csproj", "{7CD2C3A4-78FE-4F8F-AC00-E10C3E73F89E}"
EndProject
Project("{FAE04EC0-301F-11D3-BF4B-00C04F79EFBC}") = "ADRO_TEST_01", "ADRO_TEST_01\ADRO_TEST_01.csproj", "{7C67B66D-A128-4A98-91E2-BA1C17ADFB8A}"
EndProject
Global
	GlobalSection(SharedMSBuildProjectFiles) = preSolution
		UW8_CLIENT_01\UW8_CLIENT_01.Shared\UW8_CLIENT_01.Shared.projitems*{68f07ba2-7301-4e16-b54c-42c92371c5b4}*SharedItemsImports = 4
		UW8_CLIENT_01\UW8_CLIENT_01.Shared\UW8_CLIENT_01.Shared.projitems*{75c77402-888e-4954-9412-5ebd20155bd6}*SharedItemsImports = 13
		UW8_CLIENT_01\UW8_CLIENT_01.Shared\UW8_CLIENT_01.Shared.projitems*{7cd2c3a4-78fe-4f8f-ac00-e10c3e73f89e}*SharedItemsImports = 4
	EndGlobalSection
	GlobalSection(SolutionConfigurationPlatforms) = preSolution
		Debug|Any CPU = Debug|Any CPU
		Debug|ARM = Debug|ARM
		Debug|x64 = Debug|x64
		Debug|x86 = Debug|x86
		Release|Any CPU = Release|Any CPU
		Release|ARM = Release|ARM
		Release|x64 = Release|x64
		Release|x86 = Release|x86
	EndGlobalSection
	GlobalSection(ProjectConfigurationPlatforms) = postSolution
		{68A01A67-2449-4ECB-B1B1-66F041E94523}.Debug|Any CPU.ActiveCfg = Debug|Any CPU
		{68A01A67-2449-4ECB-B1B1-66F041E94523}.Debug|Any CPU.Build.0 = Debug|Any CPU
		{68A01A67-2449-4ECB-B1B1-66F041E94523}.Debug|ARM.ActiveCfg = Debug|Any CPU
		{68A01A67-2449-4ECB-B1B1-66F041E94523}.Debug|ARM.Build.0 = Debug|Any CPU
		{68A01A67-2449-4ECB-B1B1-66F041E94523}.Debug|x64.ActiveCfg = Debug|Any CPU
		{68A01A67-2449-4ECB-B1B1-66F041E94523}.Debug|x64.Build.0 = Debug|Any CPU
		{68A01A67-2449-4ECB-B1B1-66F041E94523}.Debug|x86.ActiveCfg = Debug|Any CPU
		{68A01A67-2449-4ECB-B1B1-66F041E94523}.Debug|x86.Build.0 = Debug|Any CPU
		{68A01A67-2449-4ECB-B1B1-66F041E94523}.Release|Any CPU.ActiveCfg = Release|Any CPU
		{68A01A67-2449-4ECB-B1B1-66F041E94523}.Release|Any CPU.Build.0 = Release|Any CPU
		{68A01A67-2449-4ECB-B1B1-66F041E94523}.Release|ARM.ActiveCfg = Release|Any CPU
		{68A01A67-2449-4ECB-B1B1-66F041E94523}.Release|ARM.Build.0 = Release|Any CPU
		{68A01A67-2449-4ECB-B1B1-66F041E94523}.Release|x64.ActiveCfg = Release|Any CPU
		{68A01A67-2449-4ECB-B1B1-66F041E94523}.Release|x64.Build.0 = Release|Any CPU
		{68A01A67-2449-4ECB-B1B1-66F041E94523}.Release|x86.ActiveCfg = Release|Any CPU
		{68A01A67-2449-4ECB-B1B1-66F041E94523}.Release|x86.Build.0 = Release|Any CPU
		{53FE0280-7607-4E55-8446-40F21B605CF5}.Debug|Any CPU.ActiveCfg = Debug|Any CPU
		{53FE0280-7607-4E55-8446-40F21B605CF5}.Debug|Any CPU.Build.0 = Debug|Any CPU
		{53FE0280-7607-4E55-8446-40F21B605CF5}.Debug|ARM.ActiveCfg = Debug|Any CPU
		{53FE0280-7607-4E55-8446-40F21B605CF5}.Debug|ARM.Build.0 = Debug|Any CPU
		{53FE0280-7607-4E55-8446-40F21B605CF5}.Debug|x64.ActiveCfg = Debug|Any CPU
		{53FE0280-7607-4E55-8446-40F21B605CF5}.Debug|x64.Build.0 = Debug|Any CPU
		{53FE0280-7607-4E55-8446-40F21B605CF5}.Debug|x86.ActiveCfg = Debug|Any CPU
		{53FE0280-7607-4E55-8446-40F21B605CF5}.Debug|x86.Build.0 = Debug|Any CPU
		{53FE0280-7607-4E55-8446-40F21B605CF5}.Release|Any CPU.ActiveCfg = Release|Any CPU
		{53FE0280-7607-4E55-8446-40F21B605CF5}.Release|Any CPU.Build.0 = Release|Any CPU
		{53FE0280-7607-4E55-8446-40F21B605CF5}.Release|ARM.ActiveCfg = Release|Any CPU
		{53FE0280-7607-4E55-8446-40F21B605CF5}.Release|ARM.Build.0 = Release|Any CPU
		{53FE0280-7607-4E55-8446-40F21B605CF5}.Release|x64.ActiveCfg = Release|Any CPU
		{53FE0280-7607-4E55-8446-40F21B605CF5}.Release|x64.Build.0 = Release|Any CPU
		{53FE0280-7607-4E55-8446-40F21B605CF5}.Release|x86.ActiveCfg = Release|Any CPU
		{53FE0280-7607-4E55-8446-40F21B605CF5}.Release|x86.Build.0 = Release|Any CPU
		{68F07BA2-7301-4E16-B54C-42C92371C5B4}.Debug|Any CPU.ActiveCfg = Debug|Any CPU
		{68F07BA2-7301-4E16-B54C-42C92371C5B4}.Debug|Any CPU.Build.0 = Debug|Any CPU
		{68F07BA2-7301-4E16-B54C-42C92371C5B4}.Debug|Any CPU.Deploy.0 = Debug|Any CPU
		{68F07BA2-7301-4E16-B54C-42C92371C5B4}.Debug|ARM.ActiveCfg = Debug|ARM
		{68F07BA2-7301-4E16-B54C-42C92371C5B4}.Debug|ARM.Build.0 = Debug|ARM
		{68F07BA2-7301-4E16-B54C-42C92371C5B4}.Debug|ARM.Deploy.0 = Debug|ARM
		{68F07BA2-7301-4E16-B54C-42C92371C5B4}.Debug|x64.ActiveCfg = Debug|x64
		{68F07BA2-7301-4E16-B54C-42C92371C5B4}.Debug|x64.Build.0 = Debug|x64
		{68F07BA2-7301-4E16-B54C-42C92371C5B4}.Debug|x64.Deploy.0 = Debug|x64
		{68F07BA2-7301-4E16-B54C-42C92371C5B4}.Debug|x86.ActiveCfg = Debug|x86
		{68F07BA2-7301-4E16-B54C-42C92371C5B4}.Debug|x86.Build.0 = Debug|x86
		{68F07BA2-7301-4E16-B54C-42C92371C5B4}.Debug|x86.Deploy.0 = Debug|x86
		{68F07BA2-7301-4E16-B54C-42C92371C5B4}.Release|Any CPU.ActiveCfg = Release|Any CPU
		{68F07BA2-7301-4E16-B54C-42C92371C5B4}.Release|Any CPU.Build.0 = Release|Any CPU
		{68F07BA2-7301-4E16-B54C-42C92371C5B4}.Release|Any CPU.Deploy.0 = Release|Any CPU
		{68F07BA2-7301-4E16-B54C-42C92371C5B4}.Release|ARM.ActiveCfg = Release|ARM
		{68F07BA2-7301-4E16-B54C-42C92371C5B4}.Release|ARM.Build.0 = Release|ARM
		{68F07BA2-7301-4E16-B54C-42C92371C5B4}.Release|ARM.Deploy.0 = Release|ARM
		{68F07BA2-7301-4E16-B54C-42C92371C5B4}.Release|x64.ActiveCfg = Release|x64
		{68F07BA2-7301-4E16-B54C-42C92371C5B4}.Release|x64.Build.0 = Release|x64
		{68F07BA2-7301-4E16-B54C-42C92371C5B4}.Release|x64.Deploy.0 = Release|x64
		{68F07BA2-7301-4E16-B54C-42C92371C5B4}.Release|x86.ActiveCfg = Release|x86
		{68F07BA2-7301-4E16-B54C-42C92371C5B4}.Release|x86.Build.0 = Release|x86
		{68F07BA2-7301-4E16-B54C-42C92371C5B4}.Release|x86.Deploy.0 = Release|x86
		{7CD2C3A4-78FE-4F8F-AC00-E10C3E73F89E}.Debug|Any CPU.ActiveCfg = Debug|Any CPU
		{7CD2C3A4-78FE-4F8F-AC00-E10C3E73F89E}.Debug|Any CPU.Build.0 = Debug|Any CPU
		{7CD2C3A4-78FE-4F8F-AC00-E10C3E73F89E}.Debug|Any CPU.Deploy.0 = Debug|Any CPU
		{7CD2C3A4-78FE-4F8F-AC00-E10C3E73F89E}.Debug|ARM.ActiveCfg = Debug|ARM
		{7CD2C3A4-78FE-4F8F-AC00-E10C3E73F89E}.Debug|ARM.Build.0 = Debug|ARM
		{7CD2C3A4-78FE-4F8F-AC00-E10C3E73F89E}.Debug|ARM.Deploy.0 = Debug|ARM
		{7CD2C3A4-78FE-4F8F-AC00-E10C3E73F89E}.Debug|x64.ActiveCfg = Debug|Any CPU
		{7CD2C3A4-78FE-4F8F-AC00-E10C3E73F89E}.Debug|x64.Build.0 = Debug|Any CPU
		{7CD2C3A4-78FE-4F8F-AC00-E10C3E73F89E}.Debug|x64.Deploy.0 = Debug|Any CPU
		{7CD2C3A4-78FE-4F8F-AC00-E10C3E73F89E}.Debug|x86.ActiveCfg = Debug|x86
		{7CD2C3A4-78FE-4F8F-AC00-E10C3E73F89E}.Debug|x86.Build.0 = Debug|x86
		{7CD2C3A4-78FE-4F8F-AC00-E10C3E73F89E}.Debug|x86.Deploy.0 = Debug|x86
		{7CD2C3A4-78FE-4F8F-AC00-E10C3E73F89E}.Release|Any CPU.ActiveCfg = Release|Any CPU
		{7CD2C3A4-78FE-4F8F-AC00-E10C3E73F89E}.Release|Any CPU.Build.0 = Release|Any CPU
		{7CD2C3A4-78FE-4F8F-AC00-E10C3E73F89E}.Release|Any CPU.Deploy.0 = Release|Any CPU
		{7CD2C3A4-78FE-4F8F-AC00-E10C3E73F89E}.Release|ARM.ActiveCfg = Release|ARM
		{7CD2C3A4-78FE-4F8F-AC00-E10C3E73F89E}.Release|ARM.Build.0 = Release|ARM
		{7CD2C3A4-78FE-4F8F-AC00-E10C3E73F89E}.Release|ARM.Deploy.0 = Release|ARM
		{7CD2C3A4-78FE-4F8F-AC00-E10C3E73F89E}.Release|x64.ActiveCfg = Release|Any CPU
		{7CD2C3A4-78FE-4F8F-AC00-E10C3E73F89E}.Release|x64.Build.0 = Release|Any CPU
		{7CD2C3A4-78FE-4F8F-AC00-E10C3E73F89E}.Release|x64.Deploy.0 = Release|Any CPU
		{7CD2C3A4-78FE-4F8F-AC00-E10C3E73F89E}.Release|x86.ActiveCfg = Release|x86
		{7CD2C3A4-78FE-4F8F-AC00-E10C3E73F89E}.Release|x86.Build.0 = Release|x86
		{7CD2C3A4-78FE-4F8F-AC00-E10C3E73F89E}.Release|x86.Deploy.0 = Release|x86
		{7C67B66D-A128-4A98-91E2-BA1C17ADFB8A}.Debug|Any CPU.ActiveCfg = Debug|Any CPU
		{7C67B66D-A128-4A98-91E2-BA1C17ADFB8A}.Debug|Any CPU.Build.0 = Debug|Any CPU
		{7C67B66D-A128-4A98-91E2-BA1C17ADFB8A}.Debug|Any CPU.Deploy.0 = Debug|Any CPU
		{7C67B66D-A128-4A98-91E2-BA1C17ADFB8A}.Debug|ARM.ActiveCfg = Debug|Any CPU
		{7C67B66D-A128-4A98-91E2-BA1C17ADFB8A}.Debug|ARM.Build.0 = Debug|Any CPU
		{7C67B66D-A128-4A98-91E2-BA1C17ADFB8A}.Debug|ARM.Deploy.0 = Debug|Any CPU
		{7C67B66D-A128-4A98-91E2-BA1C17ADFB8A}.Debug|x64.ActiveCfg = Debug|Any CPU
		{7C67B66D-A128-4A98-91E2-BA1C17ADFB8A}.Debug|x64.Build.0 = Debug|Any CPU
		{7C67B66D-A128-4A98-91E2-BA1C17ADFB8A}.Debug|x64.Deploy.0 = Debug|Any CPU
		{7C67B66D-A128-4A98-91E2-BA1C17ADFB8A}.Debug|x86.ActiveCfg = Debug|Any CPU
		{7C67B66D-A128-4A98-91E2-BA1C17ADFB8A}.Debug|x86.Build.0 = Debug|Any CPU
		{7C67B66D-A128-4A98-91E2-BA1C17ADFB8A}.Debug|x86.Deploy.0 = Debug|Any CPU
		{7C67B66D-A128-4A98-91E2-BA1C17ADFB8A}.Release|Any CPU.ActiveCfg = Release|Any CPU
		{7C67B66D-A128-4A98-91E2-BA1C17ADFB8A}.Release|Any CPU.Build.0 = Release|Any CPU
		{7C67B66D-A128-4A98-91E2-BA1C17ADFB8A}.Release|Any CPU.Deploy.0 = Release|Any CPU
		{7C67B66D-A128-4A98-91E2-BA1C17ADFB8A}.Release|ARM.ActiveCfg = Release|Any CPU
		{7C67B66D-A128-4A98-91E2-BA1C17ADFB8A}.Release|ARM.Build.0 = Release|Any CPU
		{7C67B66D-A128-4A98-91E2-BA1C17ADFB8A}.Release|ARM.Deploy.0 = Release|Any CPU
		{7C67B66D-A128-4A98-91E2-BA1C17ADFB8A}.Release|x64.ActiveCfg = Release|Any CPU
		{7C67B66D-A128-4A98-91E2-BA1C17ADFB8A}.Release|x64.Build.0 = Release|Any CPU
		{7C67B66D-A128-4A98-91E2-BA1C17ADFB8A}.Release|x64.Deploy.0 = Release|Any CPU
		{7C67B66D-A128-4A98-91E2-BA1C17ADFB8A}.Release|x86.ActiveCfg = Release|Any CPU
		{7C67B66D-A128-4A98-91E2-BA1C17ADFB8A}.Release|x86.Build.0 = Release|Any CPU
		{7C67B66D-A128-4A98-91E2-BA1C17ADFB8A}.Release|x86.Deploy.0 = Release|Any CPU
	EndGlobalSection
	GlobalSection(SolutionProperties) = preSolution
		HideSolutionNode = FALSE
	EndGlobalSection
	GlobalSection(NestedProjects) = preSolution
		{75C77402-888E-4954-9412-5EBD20155BD6} = {9C638BD1-A7FB-41AF-B328-229A7C61F1BD}
		{68F07BA2-7301-4E16-B54C-42C92371C5B4} = {9C638BD1-A7FB-41AF-B328-229A7C61F1BD}
		{7CD2C3A4-78FE-4F8F-AC00-E10C3E73F89E} = {9C638BD1-A7FB-41AF-B328-229A7C61F1BD}
	EndGlobalSection
EndGlobal
