<?xml version="1.0" encoding="utf-8"?>
<Project ToolsVersion="4.0" xmlns="http://schemas.microsoft.com/developer/msbuild/2003">
  <ItemGroup>
    <Filter Include="Common">
      <UniqueIdentifier>1a2644da-89a7-4ebc-937a-6db2e709b0fc</UniqueIdentifier>
    </Filter>
    <Filter Include="Assets">
      <UniqueIdentifier>6e068fd6-87f9-43e3-9e7b-9c80ae131ed8</UniqueIdentifier>
    </Filter>
    <Page Include="Common\StandardStyles.xaml">
      <Filter>Common</Filter>
    </Page>
    <Image Include="Assets\Logo.png">
      <Filter>Assets</Filter>
    </Image>
    <Image Include="Assets\SmallLogo.png">
      <Filter>Assets</Filter>
    </Image>
    <Image Include="Assets\StoreLogo.png">
      <Filter>Assets</Filter>
    </Image>
    <Image Include="Assets\SplashScreen.png">
      <Filter>Assets</Filter>
    </Image>
  </ItemGroup>
</Project>
